
Microsoft Visual Studio Solution File, Format Version 12.00
# Visual Studio Version 16
VisualStudioVersion = 16.0.30225.117
MinimumVisualStudioVersion = 10.0.40219.1
Project("{888888A0-9F3D-457C-B088-3A5042F75D52}") = "telebot", "telebot.pyproj", "{53675A08-8550-4A28-8E24-31EDCCEDD754}"
EndProject
Global
	GlobalSection(SolutionConfigurationPlatforms) = preSolution
		Debug|Any CPU = Debug|Any CPU
		Release|Any CPU = Release|Any CPU
	EndGlobalSection
	GlobalSection(ProjectConfigurationPlatforms) = postSolution
		{53675A08-8550-4A28-8E24-31EDCCEDD754}.Debug|Any CPU.ActiveCfg = Debug|Any CPU
		{53675A08-8550-4A28-8E24-31EDCCEDD754}.Release|Any CPU.ActiveCfg = Release|Any CPU
	EndGlobalSection
	GlobalSection(SolutionProperties) = preSolution
		HideSolutionNode = FALSE
	EndGlobalSection
	GlobalSection(ExtensibilityGlobals) = postSolution
		SolutionGuid = {B7C15C9F-3192-44F1-B6DB-752EC9BC4F4C}
	EndGlobalSection
EndGlobal
